
Microsoft Visual Studio Solution File, Format Version 12.00
# Visual Studio Version 17
VisualStudioVersion = 17.2.32317.152
MinimumVisualStudioVersion = 10.0.40219.1
Project("{FAE04EC0-301F-11D3-BF4B-00C04F79EFBC}") = "vrising_stash", "vrising_stash\vrising_stash.csproj", "{F64065A6-E326-44D0-A6B4-BB0A0A851F76}"
EndProject
Global
	GlobalSection(SolutionConfigurationPlatforms) = preSolution
		Debug|Any CPU = Debug|Any CPU
		Release|Any CPU = Release|Any CPU
	EndGlobalSection
	GlobalSection(ProjectConfigurationPlatforms) = postSolution
		{F64065A6-E326-44D0-A6B4-BB0A0A851F76}.Debug|Any CPU.ActiveCfg = Debug|Any CPU
		{F64065A6-E326-44D0-A6B4-BB0A0A851F76}.Debug|Any CPU.Build.0 = Debug|Any CPU
		{F64065A6-E326-44D0-A6B4-BB0A0A851F76}.Release|Any CPU.ActiveCfg = Release|Any CPU
		{F64065A6-E326-44D0-A6B4-BB0A0A851F76}.Release|Any CPU.Build.0 = Release|Any CPU
	EndGlobalSection
	GlobalSection(SolutionProperties) = preSolution
		HideSolutionNode = FALSE
	EndGlobalSection
	GlobalSection(ExtensibilityGlobals) = postSolution
		SolutionGuid = {CA38E061-8FC4-48CE-92A0-4C0C6E6CB63A}
	EndGlobalSection
EndGlobal
